// !$*UTF8*$!
{
	archiveVersion = 1;
	classes = {
	};
	objectVersion = 46;
	objects = {

/* Begin PBXBuildFile section */
		3A4CF70C1D5DB8AD00D936EB /* UIImage+help.m in Sources */ = {isa = PBXBuildFile; fileRef = 3A4CF70B1D5DB8AD00D936EB /* UIImage+help.m */; };
		3A4D32611D5470D400807F00 /* main.m in Sources */ = {isa = PBXBuildFile; fileRef = 3A4D32601D5470D400807F00 /* main.m */; };
		3A4D32641D5470D400807F00 /* AppDelegate.m in Sources */ = {isa = PBXBuildFile; fileRef = 3A4D32631D5470D400807F00 /* AppDelegate.m */; };
		3A4D32671D5470D400807F00 /* ViewController.m in Sources */ = {isa = PBXBuildFile; fileRef = 3A4D32661D5470D400807F00 /* ViewController.m */; };
		3A4D326A1D5470D400807F00 /* Main.storyboard in Resources */ = {isa = PBXBuildFile; fileRef = 3A4D32681D5470D400807F00 /* Main.storyboard */; };
		3A4D326C1D5470D400807F00 /* Assets.xcassets in Resources */ = {isa = PBXBuildFile; fileRef = 3A4D326B1D5470D400807F00 /* Assets.xcassets */; };
		3A4D326F1D5470D400807F00 /* LaunchScreen.storyboard in Resources */ = {isa = PBXBuildFile; fileRef = 3A4D326D1D5470D400807F00 /* LaunchScreen.storyboard */; };
		3A4D327A1D5470D400807F00 /* ScannerTests.m in Sources */ = {isa = PBXBuildFile; fileRef = 3A4D32791D5470D400807F00 /* ScannerTests.m */; };
		3A4D32851D5470D400807F00 /* ScannerUITests.m in Sources */ = {isa = PBXBuildFile; fileRef = 3A4D32841D5470D400807F00 /* ScannerUITests.m */; };
/* End PBXBuildFile section */

/* Begin PBXContainerItemProxy section */
		3A4D32761D5470D400807F00 /* PBXContainerItemProxy */ = {
			isa = PBXContainerItemProxy;
			containerPortal = 3A4D32541D5470D400807F00 /* Project object */;
			proxyType = 1;
			remoteGlobalIDString = 3A4D325B1D5470D400807F00;
			remoteInfo = Scanner;
		};
		3A4D32811D5470D400807F00 /* PBXContainerItemProxy */ = {
			isa = PBXContainerItemProxy;
			containerPortal = 3A4D32541D5470D400807F00 /* Project object */;
			proxyType = 1;
			remoteGlobalIDString = 3A4D325B1D5470D400807F00;
			remoteInfo = Scanner;
		};
/* End PBXContainerItemProxy section */

/* Begin PBXFileReference section */
		3A4CF70A1D5DB8AD00D936EB /* UIImage+help.h */ = {isa = PBXFileReference; fileEncoding = 4; lastKnownFileType = sourcecode.c.h; path = "UIImage+help.h"; sourceTree = "<group>"; };
		3A4CF70B1D5DB8AD00D936EB /* UIImage+help.m */ = {isa = PBXFileReference; fileEncoding = 4; lastKnownFileType = sourcecode.c.objc; path = "UIImage+help.m"; sourceTree = "<group>"; };
		3A4D325C1D5470D400807F00 /* Scanner.app */ = {isa = PBXFileReference; explicitFileType = wrapper.application; includeInIndex = 0; path = Scanner.app; sourceTree = BUILT_PRODUCTS_DIR; };
		3A4D32601D5470D400807F00 /* main.m */ = {isa = PBXFileReference; lastKnownFileType = sourcecode.c.objc; path = main.m; sourceTree = "<group>"; };
		3A4D32621D5470D400807F00 /* AppDelegate.h */ = {isa = PBXFileReference; lastKnownFileType = sourcecode.c.h; path = AppDelegate.h; sourceTree = "<group>"; };
		3A4D32631D5470D400807F00 /* AppDelegate.m */ = {isa = PBXFileReference; lastKnownFileType = sourcecode.c.objc; path = AppDelegate.m; sourceTree = "<group>"; };
		3A4D32651D5470D400807F00 /* ViewController.h */ = {isa = PBXFileReference; lastKnownFileType = sourcecode.c.h; path = ViewController.h; sourceTree = "<group>"; };
		3A4D32661D5470D400807F00 /* ViewController.m */ = {isa = PBXFileReference; lastKnownFileType = sourcecode.c.objc; path = ViewController.m; sourceTree = "<group>"; };
		3A4D32691D5470D400807F00 /* Base */ = {isa = PBXFileReference; lastKnownFileType = file.storyboard; name = Base; path = Base.lproj/Main.storyboard; sourceTree = "<group>"; };
		3A4D326B1D5470D400807F00 /* Assets.xcassets */ = {isa = PBXFileReference; lastKnownFileType = folder.assetcatalog; path = Assets.xcassets; sourceTree = "<group>"; };
		3A4D326E1D5470D400807F00 /* Base */ = {isa = PBXFileReference; lastKnownFileType = file.storyboard; name = Base; path = Base.lproj/LaunchScreen.storyboard; sourceTree = "<group>"; };
		3A4D32701D5470D400807F00 /* Info.plist */ = {isa = PBXFileReference; lastKnownFileType = text.plist.xml; path = Info.plist; sourceTree = "<group>"; };
		3A4D32751D5470D400807F00 /* ScannerTests.xctest */ = {isa = PBXFileReference; explicitFileType = wrapper.cfbundle; includeInIndex = 0; path = ScannerTests.xctest; sourceTree = BUILT_PRODUCTS_DIR; };
		3A4D32791D5470D400807F00 /* ScannerTests.m */ = {isa = PBXFileReference; lastKnownFileType = sourcecode.c.objc; path = ScannerTests.m; sourceTree = "<group>"; };
		3A4D327B1D5470D400807F00 /* Info.plist */ = {isa = PBXFileReference; lastKnownFileType = text.plist.xml; path = Info.plist; sourceTree = "<group>"; };
		3A4D32801D5470D400807F00 /* ScannerUITests.xctest */ = {isa = PBXFileReference; explicitFileType = wrapper.cfbundle; includeInIndex = 0; path = ScannerUITests.xctest; sourceTree = BUILT_PRODUCTS_DIR; };
		3A4D32841D5470D400807F00 /* ScannerUITests.m */ = {isa = PBXFileReference; lastKnownFileType = sourcecode.c.objc; path = ScannerUITests.m; sourceTree = "<group>"; };
		3A4D32861D5470D400807F00 /* Info.plist */ = {isa = PBXFileReference; lastKnownFileType = text.plist.xml; path = Info.plist; sourceTree = "<group>"; };
/* End PBXFileReference section */

/* Begin PBXFrameworksBuildPhase section */
		3A4D32591D5470D400807F00 /* Frameworks */ = {
			isa = PBXFrameworksBuildPhase;
			buildActionMask = 2147483647;
			files = (
			);
			runOnlyForDeploymentPostprocessing = 0;
		};
		3A4D32721D5470D400807F00 /* Frameworks */ = {
			isa = PBXFrameworksBuildPhase;
			buildActionMask = 2147483647;
			files = (
			);
			runOnlyForDeploymentPostprocessing = 0;
		};
		3A4D327D1D5470D400807F00 /* Frameworks */ = {
			isa = PBXFrameworksBuildPhase;
			buildActionMask = 2147483647;
			files = (
			);
			runOnlyForDeploymentPostprocessing = 0;
		};
/* End PBXFrameworksBuildPhase section */

/* Begin PBXGroup section */
		3A4D32531D5470D400807F00 = {
			isa = PBXGroup;
			children = (
				3A4D325E1D5470D400807F00 /* Scanner */,
				3A4D32781D5470D400807F00 /* ScannerTests */,
				3A4D32831D5470D400807F00 /* ScannerUITests */,
				3A4D325D1D5470D400807F00 /* Products */,
			);
			sourceTree = "<group>";
		};
		3A4D325D1D5470D400807F00 /* Products */ = {
			isa = PBXGroup;
			children = (
				3A4D325C1D5470D400807F00 /* Scanner.app */,
				3A4D32751D5470D400807F00 /* ScannerTests.xctest */,
				3A4D32801D5470D400807F00 /* ScannerUITests.xctest */,
			);
			name = Products;
			sourceTree = "<group>";
		};
		3A4D325E1D5470D400807F00 /* Scanner */ = {
			isa = PBXGroup;
			children = (
				3A4D32621D5470D400807F00 /* AppDelegate.h */,
				3A4D32631D5470D400807F00 /* AppDelegate.m */,
				3A4D32651D5470D400807F00 /* ViewController.h */,
				3A4D32661D5470D400807F00 /* ViewController.m */,
				3A4CF70A1D5DB8AD00D936EB /* UIImage+help.h */,
				3A4CF70B1D5DB8AD00D936EB /* UIImage+help.m */,
				3A4D32681D5470D400807F00 /* Main.storyboard */,
				3A4D326B1D5470D400807F00 /* Assets.xcassets */,
				3A4D326D1D5470D400807F00 /* LaunchScreen.storyboard */,
				3A4D32701D5470D400807F00 /* Info.plist */,
				3A4D325F1D5470D400807F00 /* Supporting Files */,
			);
			path = Scanner;
			sourceTree = "<group>";
		};
		3A4D325F1D5470D400807F00 /* Supporting Files */ = {
			isa = PBXGroup;
			children = (
				3A4D32601D5470D400807F00 /* main.m */,
			);
			name = "Supporting Files";
			sourceTree = "<group>";
		};
		3A4D32781D5470D400807F00 /* ScannerTests */ = {
			isa = PBXGroup;
			children = (
				3A4D32791D5470D400807F00 /* ScannerTests.m */,
				3A4D327B1D5470D400807F00 /* Info.plist */,
			);
			path = ScannerTests;
			sourceTree = "<group>";
		};
		3A4D32831D5470D400807F00 /* ScannerUITests */ = {
			isa = PBXGroup;
			children = (
				3A4D32841D5470D400807F00 /* ScannerUITests.m */,
				3A4D32861D5470D400807F00 /* Info.plist */,
			);
			path = ScannerUITests;
			sourceTree = "<group>";
		};
/* End PBXGroup section */

/* Begin PBXNativeTarget section */
		3A4D325B1D5470D400807F00 /* Scanner */ = {
			isa = PBXNativeTarget;
			buildConfigurationList = 3A4D32891D5470D400807F00 /* Build configuration list for PBXNativeTarget "Scanner" */;
			buildPhases = (
				3A4D32581D5470D400807F00 /* Sources */,
				3A4D32591D5470D400807F00 /* Frameworks */,
				3A4D325A1D5470D400807F00 /* Resources */,
			);
			buildRules = (
			);
			dependencies = (
			);
			name = Scanner;
			productName = Scanner;
			productReference = 3A4D325C1D5470D400807F00 /* Scanner.app */;
			productType = "com.apple.product-type.application";
		};
		3A4D32741D5470D400807F00 /* ScannerTests */ = {
			isa = PBXNativeTarget;
			buildConfigurationList = 3A4D328C1D5470D400807F00 /* Build configuration list for PBXNativeTarget "ScannerTests" */;
			buildPhases = (
				3A4D32711D5470D400807F00 /* Sources */,
				3A4D32721D5470D400807F00 /* Frameworks */,
				3A4D32731D5470D400807F00 /* Resources */,
			);
			buildRules = (
			);
			dependencies = (
				3A4D32771D5470D400807F00 /* PBXTargetDependency */,
			);
			name = ScannerTests;
			productName = ScannerTests;
			productReference = 3A4D32751D5470D400807F00 /* ScannerTests.xctest */;
			productType = "com.apple.product-type.bundle.unit-test";
		};
		3A4D327F1D5470D400807F00 /* ScannerUITests */ = {
			isa = PBXNativeTarget;
			buildConfigurationList = 3A4D328F1D5470D400807F00 /* Build configuration list for PBXNativeTarget "ScannerUITests" */;
			buildPhases = (
				3A4D327C1D5470D400807F00 /* Sources */,
				3A4D327D1D5470D400807F00 /* Frameworks */,
				3A4D327E1D5470D400807F00 /* Resources */,
			);
			buildRules = (
			);
			dependencies = (
				3A4D32821D5470D400807F00 /* PBXTargetDependency */,
			);
			name = ScannerUITests;
			productName = ScannerUITests;
			productReference = 3A4D32801D5470D400807F00 /* ScannerUITests.xctest */;
			productType = "com.apple.product-type.bundle.ui-testing";
		};
/* End PBXNativeTarget section */

/* Begin PBXProject section */
		3A4D32541D5470D400807F00 /* Project object */ = {
			isa = PBXProject;
			attributes = {
				LastUpgradeCheck = 0730;
				ORGANIZATIONNAME = MIMO;
				TargetAttributes = {
					3A4D325B1D5470D400807F00 = {
						CreatedOnToolsVersion = 7.3.1;
						DevelopmentTeam = NLJH3X5E5Y;
					};
					3A4D32741D5470D400807F00 = {
						CreatedOnToolsVersion = 7.3.1;
						TestTargetID = 3A4D325B1D5470D400807F00;
					};
					3A4D327F1D5470D400807F00 = {
						CreatedOnToolsVersion = 7.3.1;
						TestTargetID = 3A4D325B1D5470D400807F00;
					};
				};
			};
			buildConfigurationList = 3A4D32571D5470D400807F00 /* Build configuration list for PBXProject "Scanner" */;
			compatibilityVersion = "Xcode 3.2";
			developmentRegion = English;
			hasScannedForEncodings = 0;
			knownRegions = (
				en,
				Base,
			);
			mainGroup = 3A4D32531D5470D400807F00;
			productRefGroup = 3A4D325D1D5470D400807F00 /* Products */;
			projectDirPath = "";
			projectRoot = "";
			targets = (
				3A4D325B1D5470D400807F00 /* Scanner */,
				3A4D32741D5470D400807F00 /* ScannerTests */,
				3A4D327F1D5470D400807F00 /* ScannerUITests */,
			);
		};
/* End PBXProject section */

/* Begin PBXResourcesBuildPhase section */
		3A4D325A1D5470D400807F00 /* Resources */ = {
			isa = PBXResourcesBuildPhase;
			buildActionMask = 2147483647;
			files = (
				3A4D326F1D5470D400807F00 /* LaunchScreen.storyboard in Resources */,
				3A4D326C1D5470D400807F00 /* Assets.xcassets in Resources */,
				3A4D326A1D5470D400807F00 /* Main.storyboard in Resources */,
			);
			runOnlyForDeploymentPostprocessing = 0;
		};
		3A4D32731D5470D400807F00 /* Resources */ = {
			isa = PBXResourcesBuildPhase;
			buildActionMask = 2147483647;
			files = (
			);
			runOnlyForDeploymentPostprocessing = 0;
		};
		3A4D327E1D5470D400807F00 /* Resources */ = {
			isa = PBXResourcesBuildPhase;
			buildActionMask = 2147483647;
			files = (
			);
			runOnlyForDeploymentPostprocessing = 0;
		};
/* End PBXResourcesBuildPhase section */

/* Begin PBXSourcesBuildPhase section */
		3A4D32581D5470D400807F00 /* Sources */ = {
			isa = PBXSourcesBuildPhase;
			buildActionMask = 2147483647;
			files = (
				3A4D32671D5470D400807F00 /* ViewController.m in Sources */,
				3A4D32641D5470D400807F00 /* AppDelegate.m in Sources */,
				3A4CF70C1D5DB8AD00D936EB /* UIImage+help.m in Sources */,
				3A4D32611D5470D400807F00 /* main.m in Sources */,
			);
			runOnlyForDeploymentPostprocessing = 0;
		};
		3A4D32711D5470D400807F00 /* Sources */ = {
			isa = PBXSourcesBuildPhase;
			buildActionMask = 2147483647;
			files = (
				3A4D327A1D5470D400807F00 /* ScannerTests.m in Sources */,
			);
			runOnlyForDeploymentPostprocessing = 0;
		};
		3A4D327C1D5470D400807F00 /* Sources */ = {
			isa = PBXSourcesBuildPhase;
			buildActionMask = 2147483647;
			files = (
				3A4D32851D5470D400807F00 /* ScannerUITests.m in Sources */,
			);
			runOnlyForDeploymentPostprocessing = 0;
		};
/* End PBXSourcesBuildPhase section */

/* Begin PBXTargetDependency section */
		3A4D32771D5470D400807F00 /* PBXTargetDependency */ = {
			isa = PBXTargetDependency;
			target = 3A4D325B1D5470D400807F00 /* Scanner */;
			targetProxy = 3A4D32761D5470D400807F00 /* PBXContainerItemProxy */;
		};
		3A4D32821D5470D400807F00 /* PBXTargetDependency */ = {
			isa = PBXTargetDependency;
			target = 3A4D325B1D5470D400807F00 /* Scanner */;
			targetProxy = 3A4D32811D5470D400807F00 /* PBXContainerItemProxy */;
		};
/* End PBXTargetDependency section */

/* Begin PBXVariantGroup section */
		3A4D32681D5470D400807F00 /* Main.storyboard */ = {
			isa = PBXVariantGroup;
			children = (
				3A4D32691D5470D400807F00 /* Base */,
			);
			name = Main.storyboard;
			sourceTree = "<group>";
		};
		3A4D326D1D5470D400807F00 /* LaunchScreen.storyboard */ = {
			isa = PBXVariantGroup;
			children = (
				3A4D326E1D5470D400807F00 /* Base */,
			);
			name = LaunchScreen.storyboard;
			sourceTree = "<group>";
		};
/* End PBXVariantGroup section */

/* Begin XCBuildConfiguration section */
		3A4D32871D5470D400807F00 /* Debug */ = {
			isa = XCBuildConfiguration;
			buildSettings = {
				ALWAYS_SEARCH_USER_PATHS = NO;
				CLANG_ANALYZER_NONNULL = YES;
				CLANG_CXX_LANGUAGE_STANDARD = "gnu++0x";
				CLANG_CXX_LIBRARY = "libc++";
				CLANG_ENABLE_MODULES = YES;
				CLANG_ENABLE_OBJC_ARC = YES;
				CLANG_WARN_BOOL_CONVERSION = YES;
				CLANG_WARN_CONSTANT_CONVERSION = YES;
				CLANG_WARN_DIRECT_OBJC_ISA_USAGE = YES_ERROR;
				CLANG_WARN_EMPTY_BODY = YES;
				CLANG_WARN_ENUM_CONVERSION = YES;
				CLANG_WARN_INT_CONVERSION = YES;
				CLANG_WARN_OBJC_ROOT_CLASS = YES_ERROR;
				CLANG_WARN_UNREACHABLE_CODE = YES;
				CLANG_WARN__DUPLICATE_METHOD_MATCH = YES;
				"CODE_SIGN_IDENTITY[sdk=iphoneos*]" = "iPhone Developer";
				COPY_PHASE_STRIP = NO;
				DEBUG_INFORMATION_FORMAT = dwarf;
				ENABLE_STRICT_OBJC_MSGSEND = YES;
				ENABLE_TESTABILITY = YES;
				GCC_C_LANGUAGE_STANDARD = gnu99;
				GCC_DYNAMIC_NO_PIC = NO;
				GCC_NO_COMMON_BLOCKS = YES;
				GCC_OPTIMIZATION_LEVEL = 0;
				GCC_PREPROCESSOR_DEFINITIONS = (
					"DEBUG=1",
					"$(inherited)",
				);
				GCC_WARN_64_TO_32_BIT_CONVERSION = YES;
				GCC_WARN_ABOUT_RETURN_TYPE = YES_ERROR;
				GCC_WARN_UNDECLARED_SELECTOR = YES;
				GCC_WARN_UNINITIALIZED_AUTOS = YES_AGGRESSIVE;
				GCC_WARN_UNUSED_FUNCTION = YES;
				GCC_WARN_UNUSED_VARIABLE = YES;
				IPHONEOS_DEPLOYMENT_TARGET = 9.3;
				MTL_ENABLE_DEBUG_INFO = YES;
				ONLY_ACTIVE_ARCH = YES;
				SDKROOT = iphoneos;
			};
			name = Debug;
		};
		3A4D32881D5470D400807F00 /* Release */ = {
			isa = XCBuildConfiguration;
			buildSettings = {
				ALWAYS_SEARCH_USER_PATHS = NO;
				CLANG_ANALYZER_NONNULL = YES;
				CLANG_CXX_LANGUAGE_STANDARD = "gnu++0x";
				CLANG_CXX_LIBRARY = "libc++";
				CLANG_ENABLE_MODULES = YES;
				CLANG_ENABLE_OBJC_ARC = YES;
				CLANG_WARN_BOOL_CONVERSION = YES;
				CLANG_WARN_CONSTANT_CONVERSION = YES;
				CLANG_WARN_DIRECT_OBJC_ISA_USAGE = YES_ERROR;
				CLANG_WARN_EMPTY_BODY = YES;
				CLANG_WARN_ENUM_CONVERSION = YES;
				CLANG_WARN_INT_CONVERSION = YES;
				CLANG_WARN_OBJC_ROOT_CLASS = YES_ERROR;
				CLANG_WARN_UNREACHABLE_CODE = YES;
				CLANG_WARN__DUPLICATE_METHOD_MATCH = YES;
				"CODE_SIGN_IDENTITY[sdk=iphoneos*]" = "iPhone Developer";
				COPY_PHASE_STRIP = NO;
				DEBUG_INFORMATION_FORMAT = "dwarf-with-dsym";
				ENABLE_NS_ASSERTIONS = NO;
				ENABLE_STRICT_OBJC_MSGSEND = YES;
				GCC_C_LANGUAGE_STANDARD = gnu99;
				GCC_NO_COMMON_BLOCKS = YES;
				GCC_WARN_64_TO_32_BIT_CONVERSION = YES;
				GCC_WARN_ABOUT_RETURN_TYPE = YES_ERROR;
				GCC_WARN_UNDECLARED_SELECTOR = YES;
				GCC_WARN_UNINITIALIZED_AUTOS = YES_AGGRESSIVE;
				GCC_WARN_UNUSED_FUNCTION = YES;
				GCC_WARN_UNUSED_VARIABLE = YES;
				IPHONEOS_DEPLOYMENT_TARGET = 9.3;
				MTL_ENABLE_DEBUG_INFO = NO;
				SDKROOT = iphoneos;
				VALIDATE_PRODUCT = YES;
			};
			name = Release;
		};
		3A4D328A1D5470D400807F00 /* Debug */ = {
			isa = XCBuildConfiguration;
			buildSettings = {
				ASSETCATALOG_COMPILER_APPICON_NAME = AppIcon;
				CODE_SIGN_IDENTITY = "iPhone Developer";
				"CODE_SIGN_IDENTITY[sdk=iphoneos*]" = "iPhone Developer";
				INFOPLIST_FILE = Scanner/Info.plist;
				LD_RUNPATH_SEARCH_PATHS = "$(inherited) @executable_path/Frameworks";
				PRODUCT_BUNDLE_IDENTIFIER = com.mimo520.Scanner;
				PRODUCT_NAME = "$(TARGET_NAME)";
				PROVISIONING_PROFILE = "";
			};
			name = Debug;
		};
		3A4D328B1D5470D400807F00 /* Release */ = {
			isa = XCBuildConfiguration;
			buildSettings = {
				ASSETCATALOG_COMPILER_APPICON_NAME = AppIcon;
				CODE_SIGN_IDENTITY = "iPhone Developer";
				"CODE_SIGN_IDENTITY[sdk=iphoneos*]" = "iPhone Developer";
				INFOPLIST_FILE = Scanner/Info.plist;
				LD_RUNPATH_SEARCH_PATHS = "$(inherited) @executable_path/Frameworks";
				PRODUCT_BUNDLE_IDENTIFIER = com.mimo520.Scanner;
				PRODUCT_NAME = "$(TARGET_NAME)";
				PROVISIONING_PROFILE = "";
			};
			name = Release;
		};
		3A4D328D1D5470D400807F00 /* Debug */ = {
			isa = XCBuildConfiguration;
			buildSettings = {
				BUNDLE_LOADER = "$(TEST_HOST)";
				INFOPLIST_FILE = ScannerTests/Info.plist;
				LD_RUNPATH_SEARCH_PATHS = "$(inherited) @executable_path/Frameworks @loader_path/Frameworks";
				PRODUCT_BUNDLE_IDENTIFIER = com.mimo520.ScannerTests;
				PRODUCT_NAME = "$(TARGET_NAME)";
				TEST_HOST = "$(BUILT_PRODUCTS_DIR)/Scanner.app/Scanner";
			};
			name = Debug;
		};
		3A4D328E1D5470D400807F00 /* Release */ = {
			isa = XCBuildConfiguration;
			buildSettings = {
				BUNDLE_LOADER = "$(TEST_HOST)";
				INFOPLIST_FILE = ScannerTests/Info.plist;
				LD_RUNPATH_SEARCH_PATHS = "$(inherited) @executable_path/Frameworks @loader_path/Frameworks";
				PRODUCT_BUNDLE_IDENTIFIER = com.mimo520.ScannerTests;
				PRODUCT_NAME = "$(TARGET_NAME)";
				TEST_HOST = "$(BUILT_PRODUCTS_DIR)/Scanner.app/Scanner";
			};
			name = Release;
		};
		3A4D32901D5470D400807F00 /* Debug */ = {
			isa = XCBuildConfiguration;
			buildSettings = {
				INFOPLIST_FILE = ScannerUITests/Info.plist;
				LD_RUNPATH_SEARCH_PATHS = "$(inherited) @executable_path/Frameworks @loader_path/Frameworks";
				PRODUCT_BUNDLE_IDENTIFIER = com.mimo520.ScannerUITests;
				PRODUCT_NAME = "$(TARGET_NAME)";
				TEST_TARGET_NAME = Scanner;
			};
			name = Debug;
		};
		3A4D32911D5470D400807F00 /* Release */ = {
			isa = XCBuildConfiguration;
			buildSettings = {
				INFOPLIST_FILE = ScannerUITests/Info.plist;
				LD_RUNPATH_SEARCH_PATHS = "$(inherited) @executable_path/Frameworks @loader_path/Frameworks";
				PRODUCT_BUNDLE_IDENTIFIER = com.mimo520.ScannerUITests;
				PRODUCT_NAME = "$(TARGET_NAME)";
				TEST_TARGET_NAME = Scanner;
			};
			name = Release;
		};
/* End XCBuildConfiguration section */

/* Begin XCConfigurationList section */
		3A4D32571D5470D400807F00 /* Build configuration list for PBXProject "Scanner" */ = {
			isa = XCConfigurationList;
			buildConfigurations = (
				3A4D32871D5470D400807F00 /* Debug */,
				3A4D32881D5470D400807F00 /* Release */,
			);
			defaultConfigurationIsVisible = 0;
			defaultConfigurationName = Release;
		};
		3A4D32891D5470D400807F00 /* Build configuration list for PBXNativeTarget "Scanner" */ = {
			isa = XCConfigurationList;
			buildConfigurations = (
				3A4D328A1D5470D400807F00 /* Debug */,
				3A4D328B1D5470D400807F00 /* Release */,
			);
			defaultConfigurationIsVisible = 0;
			defaultConfigurationName = Release;
		};
		3A4D328C1D5470D400807F00 /* Build configuration list for PBXNativeTarget "ScannerTests" */ = {
			isa = XCConfigurationList;
			buildConfigurations = (
				3A4D328D1D5470D400807F00 /* Debug */,
				3A4D328E1D5470D400807F00 /* Release */,
			);
			defaultConfigurationIsVisible = 0;
			defaultConfigurationName = Release;
		};
		3A4D328F1D5470D400807F00 /* Build configuration list for PBXNativeTarget "ScannerUITests" */ = {
			isa = XCConfigurationList;
			buildConfigurations = (
				3A4D32901D5470D400807F00 /* Debug */,
				3A4D32911D5470D400807F00 /* Release */,
			);
			defaultConfigurationIsVisible = 0;
			defaultConfigurationName = Release;
		};
/* End XCConfigurationList section */
	};
	rootObject = 3A4D32541D5470D400807F00 /* Project object */;
}
